
Microsoft Visual Studio Solution File, Format Version 12.00
# Visual Studio Version 16
VisualStudioVersion = 16.0.30907.101
MinimumVisualStudioVersion = 10.0.40219.1
Project("{FAE04EC0-301F-11D3-BF4B-00C04F79EFBC}") = "EstudoWebAPI", "EstudoWebAPI\EstudoWebAPI.csproj", "{5444D8F0-861B-446C-8CD1-8D7119A5CF94}"
EndProject
Global
	GlobalSection(SolutionConfigurationPlatforms) = preSolution
		Debug|Any CPU = Debug|Any CPU
		Release|Any CPU = Release|Any CPU
	EndGlobalSection
	GlobalSection(ProjectConfigurationPlatforms) = postSolution
		{5444D8F0-861B-446C-8CD1-8D7119A5CF94}.Debug|Any CPU.ActiveCfg = Debug|Any CPU
		{5444D8F0-861B-446C-8CD1-8D7119A5CF94}.Debug|Any CPU.Build.0 = Debug|Any CPU
		{5444D8F0-861B-446C-8CD1-8D7119A5CF94}.Release|Any CPU.ActiveCfg = Release|Any CPU
		{5444D8F0-861B-446C-8CD1-8D7119A5CF94}.Release|Any CPU.Build.0 = Release|Any CPU
	EndGlobalSection
	GlobalSection(SolutionProperties) = preSolution
		HideSolutionNode = FALSE
	EndGlobalSection
	GlobalSection(ExtensibilityGlobals) = postSolution
		SolutionGuid = {F61061EA-B81F-46EB-B82B-0165B13ADB79}
	EndGlobalSection
EndGlobal
